# This file is generated by running "yarn install" inside your project.
# Manual changes might be lost - proceed with caution!

__metadata:
  version: 4
  cacheKey: 8

"@srhazi/revise@workspace:.":
  version: 0.0.0-use.local
  resolution: "@srhazi/revise@workspace:."
  dependencies:
    "@types/lodash": ^4.14.174
    esbuild: ^0.13.2
    lodash: ^4.17.21
    prettier: ^2.4.1
    typescript: ^4.4.3
  languageName: unknown
  linkType: soft

"@types/lodash@npm:^4.14.174":
  version: 4.14.174
  resolution: "@types/lodash@npm:4.14.174"
  checksum: 8c1a7daf6df7b6e9265ba60e1ced6f0bd25b711f2287191f2df0ed8ed1a9bf04bc08c78b362fcab15ac8335ac967cf66a3e107fe2d4e44ee24a5597c0fb7234c
  languageName: node
  linkType: hard

"esbuild-android-arm64@npm:0.13.2":
  version: 0.13.2
  resolution: "esbuild-android-arm64@npm:0.13.2"
  checksum: 0200bc50c748f835ccb4fb760d87b987b3ad04d5ef70796a88afba7bfa0c932fd810946f7afb7d54cbab1d7e1d5ebbe186c3297ca1e028bfd3bcde78df6f477a
  languageName: node
  linkType: hard

"esbuild-darwin-64@npm:0.13.2":
  version: 0.13.2
  resolution: "esbuild-darwin-64@npm:0.13.2"
  checksum: d2acb9ab7bc23ecbf976a3c380632258bd26909101e2debba4e2ccad52f9a89464fd8764e59d8f61500ae2d6c7d0c5e369b7314861f72d840918a1f335feb589
  languageName: node
  linkType: hard

"esbuild-darwin-arm64@npm:0.13.2":
  version: 0.13.2
  resolution: "esbuild-darwin-arm64@npm:0.13.2"
  checksum: 6dbeec9329172937057a5f6d2100ff00afc58048076f59d14280d8e509883417f9e646ebcc321929edaaf2be3f161fd02fc2aa07a2236f27a3447639d0ae32c8
  languageName: node
  linkType: hard

"esbuild-freebsd-64@npm:0.13.2":
  version: 0.13.2
  resolution: "esbuild-freebsd-64@npm:0.13.2"
  checksum: 160305f9a3e057abb474d47d62403dea2595fbefb977dd0ffcce61879ab3068e1054a9b97dbffbb4d513ee8489e96701f38fff4ad78a921285443119f4339c9a
  languageName: node
  linkType: hard

"esbuild-freebsd-arm64@npm:0.13.2":
  version: 0.13.2
  resolution: "esbuild-freebsd-arm64@npm:0.13.2"
  checksum: ba206d21c3142e6f34e5d802c88529d789cef29d9e86bf1236ca9c837cf473c81590ef8e28c3df7eab9081f250ee9d45c6662ac7e7cf4afe169bdc34a93182f8
  languageName: node
  linkType: hard

"esbuild-linux-32@npm:0.13.2":
  version: 0.13.2
  resolution: "esbuild-linux-32@npm:0.13.2"
  checksum: b3e6530835df96a9f5111e5988863843bcb113edd5a66125bab7ded3ccd3c932da8224a58ff62fe7e5aad52f6248ec2416e1756d602c8ac4a2d843086a4410a2
  languageName: node
  linkType: hard

"esbuild-linux-64@npm:0.13.2":
  version: 0.13.2
  resolution: "esbuild-linux-64@npm:0.13.2"
  checksum: 909cc67a713ffef3a6e75863f5a292d2ce5232cb3855f2bace5e6bbe604e21ae17656443ae30c28c0c574da3f915b642d0e1e22aafdd5af3488b58fea8129415
  languageName: node
  linkType: hard

"esbuild-linux-arm64@npm:0.13.2":
  version: 0.13.2
  resolution: "esbuild-linux-arm64@npm:0.13.2"
  checksum: 530184f1ec4e269c72ef9892d95db02be7981a0ee884c9fa829ecb23ee16d56f8d142d3a6e1ab5be7f2e0a5592eda065f7f0c6e646bad5f20294cd713d826301
  languageName: node
  linkType: hard

"esbuild-linux-arm@npm:0.13.2":
  version: 0.13.2
  resolution: "esbuild-linux-arm@npm:0.13.2"
  checksum: fd52d5d5aade470ddebace423c23f87fa3e41d7e8dd838bd241aaf6f907c4cc70c32590f78d6ec464720964b3e233e2ee735f163763009f60df00c3cbd0918dd
  languageName: node
  linkType: hard

"esbuild-linux-mips64le@npm:0.13.2":
  version: 0.13.2
  resolution: "esbuild-linux-mips64le@npm:0.13.2"
  checksum: 5c246361c0e8578f171544a7cd662f29c9b2d585f0e990ba8e11bfc9172dd99e8d83ef7d6d551c51daddac7676decc70988f0a161ebbec2bdb8b9ba4153cc604
  languageName: node
  linkType: hard

"esbuild-linux-ppc64le@npm:0.13.2":
  version: 0.13.2
  resolution: "esbuild-linux-ppc64le@npm:0.13.2"
  checksum: 9c57004706d4393065af837faf92b9fa9d275773d67bb552eacfdf0e5cc2135477f388310265bf57a93f2c9eb2b7a0a747d235136cc541bfb2e37b28c52054ab
  languageName: node
  linkType: hard

"esbuild-openbsd-64@npm:0.13.2":
  version: 0.13.2
  resolution: "esbuild-openbsd-64@npm:0.13.2"
  checksum: c5b2300ba69443e896612ec80044ca23220ef4a88a1a1a2139c327b7336756b7b5d213065060015353f793a69e3f001ea535f2e5293a28079c030dbcf2c76de1
  languageName: node
  linkType: hard

"esbuild-sunos-64@npm:0.13.2":
  version: 0.13.2
  resolution: "esbuild-sunos-64@npm:0.13.2"
  checksum: 175aa33c85cc76a67c7aaabeb5523bff0a1c2874ac0aee618445871fc91d7225582a2e2332217353d19623e45b06847fc4c256acf6e80f5b99808453c90e95c3
  languageName: node
  linkType: hard

"esbuild-windows-32@npm:0.13.2":
  version: 0.13.2
  resolution: "esbuild-windows-32@npm:0.13.2"
  checksum: a3ee3a3194a1acd34df6d734bde5fc39fe9c850a6041d08f7bf32885eb9983bd85952f0cb1d860bc7ee0729e52afde96642dbf40dd92260e6231719f75c674d6
  languageName: node
  linkType: hard

"esbuild-windows-64@npm:0.13.2":
  version: 0.13.2
  resolution: "esbuild-windows-64@npm:0.13.2"
  checksum: 89fe3eac5b33f975e4ba4502c947fdfb3a5336d48ed77fbd52d2619786d5f5419022790456b88357913b454781d1f3f13e6ddef1d2b13e6cb263ddbf03d50af0
  languageName: node
  linkType: hard

"esbuild-windows-arm64@npm:0.13.2":
  version: 0.13.2
  resolution: "esbuild-windows-arm64@npm:0.13.2"
  checksum: 8a50f625208af27684329b1c7cc2e896abcfbc76c18cebfcd9b58ed50c6a596bd8008cd74084092fcc2ae303bf7535afc384d0df0054f997e4df66b1400697c4
  languageName: node
  linkType: hard

"esbuild@npm:^0.13.2":
  version: 0.13.2
  resolution: "esbuild@npm:0.13.2"
  dependencies:
    esbuild-android-arm64: 0.13.2
    esbuild-darwin-64: 0.13.2
    esbuild-darwin-arm64: 0.13.2
    esbuild-freebsd-64: 0.13.2
    esbuild-freebsd-arm64: 0.13.2
    esbuild-linux-32: 0.13.2
    esbuild-linux-64: 0.13.2
    esbuild-linux-arm: 0.13.2
    esbuild-linux-arm64: 0.13.2
    esbuild-linux-mips64le: 0.13.2
    esbuild-linux-ppc64le: 0.13.2
    esbuild-openbsd-64: 0.13.2
    esbuild-sunos-64: 0.13.2
    esbuild-windows-32: 0.13.2
    esbuild-windows-64: 0.13.2
    esbuild-windows-arm64: 0.13.2
  dependenciesMeta:
    esbuild-android-arm64:
      optional: true
    esbuild-darwin-64:
      optional: true
    esbuild-darwin-arm64:
      optional: true
    esbuild-freebsd-64:
      optional: true
    esbuild-freebsd-arm64:
      optional: true
    esbuild-linux-32:
      optional: true
    esbuild-linux-64:
      optional: true
    esbuild-linux-arm:
      optional: true
    esbuild-linux-arm64:
      optional: true
    esbuild-linux-mips64le:
      optional: true
    esbuild-linux-ppc64le:
      optional: true
    esbuild-openbsd-64:
      optional: true
    esbuild-sunos-64:
      optional: true
    esbuild-windows-32:
      optional: true
    esbuild-windows-64:
      optional: true
    esbuild-windows-arm64:
      optional: true
  bin:
    esbuild: bin/esbuild
  checksum: 236fb2a3995f96cc85b7880f1d9a3e2ca42c9d5b9a2c0dc3a3bf5b6702fbd214d1af8ef0aab03d79e4f7cb3c279c918722519561e15b8be03bc8e8cd45a423fb
  languageName: node
  linkType: hard

"lodash@npm:^4.17.21":
  version: 4.17.21
  resolution: "lodash@npm:4.17.21"
  checksum: eb835a2e51d381e561e508ce932ea50a8e5a68f4ebdd771ea240d3048244a8d13658acbd502cd4829768c56f2e16bdd4340b9ea141297d472517b83868e677f7
  languageName: node
  linkType: hard

"prettier@npm:^2.4.1":
  version: 2.4.1
  resolution: "prettier@npm:2.4.1"
  bin:
    prettier: bin-prettier.js
  checksum: cc6830588b401b0d742862fe9c46bc9118204fb307c3abe0e49e95b35ed23629573807ffdf9cdd65289c252a0bb51fc0171437f6626ee36378dea80f0ee80b91
  languageName: node
  linkType: hard

typescript@^4.4.3:
  version: 4.4.3
  resolution: "typescript@npm:4.4.3"
  bin:
    tsc: bin/tsc
    tsserver: bin/tsserver
  checksum: 05823f21796d450531a7e4ab299715d38fd9ded0e4ce7400876053f4b5166ca3dde7a68cecfe72d9086039f03c0b6edba36516fb10ed83c5837d9600532ea4c2
  languageName: node
  linkType: hard

"typescript@patch:typescript@^4.4.3#~builtin<compat/typescript>":
  version: 4.4.3
  resolution: "typescript@patch:typescript@npm%3A4.4.3#~builtin<compat/typescript>::version=4.4.3&hash=32657b"
  bin:
    tsc: bin/tsc
    tsserver: bin/tsserver
  checksum: 28ab98313afab46788ff41014fdb5932430ada6e03cf9e92ac47f406526a2cac1ae2894834e7da61e46b7429318e9c47f45ba8de323332f0cb9af99b72ebae74
  languageName: node
  linkType: hard
